
Microsoft Visual Studio Solution File, Format Version 12.00
# Visual Studio Version 16
VisualStudioVersion = 16.0.29920.165
MinimumVisualStudioVersion = 10.0.40219.1
Project("{FAE04EC0-301F-11D3-BF4B-00C04F79EFBC}") = "TodoList.UWP", "TodoList\TodoList.UWP\TodoList.UWP.csproj", "{A06BC8B3-ABD5-4A74-8973-5350A3BFC02F}"
EndProject
Project("{FAE04EC0-301F-11D3-BF4B-00C04F79EFBC}") = "TodoList.Android", "TodoList\TodoList.Android\TodoList.Android.csproj", "{EC273308-0EA9-4F90-9546-C268EDD59298}"
EndProject
Project("{FAE04EC0-301F-11D3-BF4B-00C04F79EFBC}") = "TodoList.iOS", "TodoList\TodoList.iOS\TodoList.iOS.csproj", "{36CE3519-7A3F-4CB6-B427-41539BF007F4}"
EndProject
Project("{FAE04EC0-301F-11D3-BF4B-00C04F79EFBC}") = "TodoList", "TodoList\TodoList\TodoList.csproj", "{BC83D930-28DC-433B-917A-EE8FEA5674D0}"
EndProject
Global
	GlobalSection(SolutionConfigurationPlatforms) = preSolution
		Debug|Any CPU = Debug|Any CPU
		Debug|ARM = Debug|ARM
		Debug|iPhone = Debug|iPhone
		Debug|iPhoneSimulator = Debug|iPhoneSimulator
		Debug|x64 = Debug|x64
		Debug|x86 = Debug|x86
		Release|Any CPU = Release|Any CPU
		Release|ARM = Release|ARM
		Release|iPhone = Release|iPhone
		Release|iPhoneSimulator = Release|iPhoneSimulator
		Release|x64 = Release|x64
		Release|x86 = Release|x86
	EndGlobalSection
	GlobalSection(ProjectConfigurationPlatforms) = postSolution
		{A06BC8B3-ABD5-4A74-8973-5350A3BFC02F}.Debug|Any CPU.ActiveCfg = Debug|x86
		{A06BC8B3-ABD5-4A74-8973-5350A3BFC02F}.Debug|Any CPU.Build.0 = Debug|x86
		{A06BC8B3-ABD5-4A74-8973-5350A3BFC02F}.Debug|Any CPU.Deploy.0 = Debug|x86
		{A06BC8B3-ABD5-4A74-8973-5350A3BFC02F}.Debug|ARM.ActiveCfg = Debug|ARM
		{A06BC8B3-ABD5-4A74-8973-5350A3BFC02F}.Debug|ARM.Build.0 = Debug|ARM
		{A06BC8B3-ABD5-4A74-8973-5350A3BFC02F}.Debug|ARM.Deploy.0 = Debug|ARM
		{A06BC8B3-ABD5-4A74-8973-5350A3BFC02F}.Debug|iPhone.ActiveCfg = Debug|x86
		{A06BC8B3-ABD5-4A74-8973-5350A3BFC02F}.Debug|iPhone.Build.0 = Debug|x86
		{A06BC8B3-ABD5-4A74-8973-5350A3BFC02F}.Debug|iPhone.Deploy.0 = Debug|x86
		{A06BC8B3-ABD5-4A74-8973-5350A3BFC02F}.Debug|iPhoneSimulator.ActiveCfg = Debug|x86
		{A06BC8B3-ABD5-4A74-8973-5350A3BFC02F}.Debug|iPhoneSimulator.Build.0 = Debug|x86
		{A06BC8B3-ABD5-4A74-8973-5350A3BFC02F}.Debug|iPhoneSimulator.Deploy.0 = Debug|x86
		{A06BC8B3-ABD5-4A74-8973-5350A3BFC02F}.Debug|x64.ActiveCfg = Debug|x64
		{A06BC8B3-ABD5-4A74-8973-5350A3BFC02F}.Debug|x64.Build.0 = Debug|x64
		{A06BC8B3-ABD5-4A74-8973-5350A3BFC02F}.Debug|x64.Deploy.0 = Debug|x64
		{A06BC8B3-ABD5-4A74-8973-5350A3BFC02F}.Debug|x86.ActiveCfg = Debug|x86
		{A06BC8B3-ABD5-4A74-8973-5350A3BFC02F}.Debug|x86.Build.0 = Debug|x86
		{A06BC8B3-ABD5-4A74-8973-5350A3BFC02F}.Debug|x86.Deploy.0 = Debug|x86
		{A06BC8B3-ABD5-4A74-8973-5350A3BFC02F}.Release|Any CPU.ActiveCfg = Release|x86
		{A06BC8B3-ABD5-4A74-8973-5350A3BFC02F}.Release|Any CPU.Build.0 = Release|x86
		{A06BC8B3-ABD5-4A74-8973-5350A3BFC02F}.Release|Any CPU.Deploy.0 = Release|x86
		{A06BC8B3-ABD5-4A74-8973-5350A3BFC02F}.Release|ARM.ActiveCfg = Release|ARM
		{A06BC8B3-ABD5-4A74-8973-5350A3BFC02F}.Release|ARM.Build.0 = Release|ARM
		{A06BC8B3-ABD5-4A74-8973-5350A3BFC02F}.Release|ARM.Deploy.0 = Release|ARM
		{A06BC8B3-ABD5-4A74-8973-5350A3BFC02F}.Release|iPhone.ActiveCfg = Release|x86
		{A06BC8B3-ABD5-4A74-8973-5350A3BFC02F}.Release|iPhone.Build.0 = Release|x86
		{A06BC8B3-ABD5-4A74-8973-5350A3BFC02F}.Release|iPhone.Deploy.0 = Release|x86
		{A06BC8B3-ABD5-4A74-8973-5350A3BFC02F}.Release|iPhoneSimulator.ActiveCfg = Release|x86
		{A06BC8B3-ABD5-4A74-8973-5350A3BFC02F}.Release|iPhoneSimulator.Build.0 = Release|x86
		{A06BC8B3-ABD5-4A74-8973-5350A3BFC02F}.Release|iPhoneSimulator.Deploy.0 = Release|x86
		{A06BC8B3-ABD5-4A74-8973-5350A3BFC02F}.Release|x64.ActiveCfg = Release|x64
		{A06BC8B3-ABD5-4A74-8973-5350A3BFC02F}.Release|x64.Build.0 = Release|x64
		{A06BC8B3-ABD5-4A74-8973-5350A3BFC02F}.Release|x64.Deploy.0 = Release|x64
		{A06BC8B3-ABD5-4A74-8973-5350A3BFC02F}.Release|x86.ActiveCfg = Release|x86
		{A06BC8B3-ABD5-4A74-8973-5350A3BFC02F}.Release|x86.Build.0 = Release|x86
		{A06BC8B3-ABD5-4A74-8973-5350A3BFC02F}.Release|x86.Deploy.0 = Release|x86
		{EC273308-0EA9-4F90-9546-C268EDD59298}.Debug|Any CPU.ActiveCfg = Debug|Any CPU
		{EC273308-0EA9-4F90-9546-C268EDD59298}.Debug|Any CPU.Build.0 = Debug|Any CPU
		{EC273308-0EA9-4F90-9546-C268EDD59298}.Debug|Any CPU.Deploy.0 = Debug|Any CPU
		{EC273308-0EA9-4F90-9546-C268EDD59298}.Debug|ARM.ActiveCfg = Debug|Any CPU
		{EC273308-0EA9-4F90-9546-C268EDD59298}.Debug|ARM.Build.0 = Debug|Any CPU
		{EC273308-0EA9-4F90-9546-C268EDD59298}.Debug|ARM.Deploy.0 = Debug|Any CPU
		{EC273308-0EA9-4F90-9546-C268EDD59298}.Debug|iPhone.ActiveCfg = Debug|Any CPU
		{EC273308-0EA9-4F90-9546-C268EDD59298}.Debug|iPhone.Build.0 = Debug|Any CPU
		{EC273308-0EA9-4F90-9546-C268EDD59298}.Debug|iPhone.Deploy.0 = Debug|Any CPU
		{EC273308-0EA9-4F90-9546-C268EDD59298}.Debug|iPhoneSimulator.ActiveCfg = Debug|Any CPU
		{EC273308-0EA9-4F90-9546-C268EDD59298}.Debug|iPhoneSimulator.Build.0 = Debug|Any CPU
		{EC273308-0EA9-4F90-9546-C268EDD59298}.Debug|iPhoneSimulator.Deploy.0 = Debug|Any CPU
		{EC273308-0EA9-4F90-9546-C268EDD59298}.Debug|x64.ActiveCfg = Debug|Any CPU
		{EC273308-0EA9-4F90-9546-C268EDD59298}.Debug|x64.Build.0 = Debug|Any CPU
		{EC273308-0EA9-4F90-9546-C268EDD59298}.Debug|x64.Deploy.0 = Debug|Any CPU
		{EC273308-0EA9-4F90-9546-C268EDD59298}.Debug|x86.ActiveCfg = Debug|Any CPU
		{EC273308-0EA9-4F90-9546-C268EDD59298}.Debug|x86.Build.0 = Debug|Any CPU
		{EC273308-0EA9-4F90-9546-C268EDD59298}.Debug|x86.Deploy.0 = Debug|Any CPU
		{EC273308-0EA9-4F90-9546-C268EDD59298}.Release|Any CPU.ActiveCfg = Release|Any CPU
		{EC273308-0EA9-4F90-9546-C268EDD59298}.Release|Any CPU.Build.0 = Release|Any CPU
		{EC273308-0EA9-4F90-9546-C268EDD59298}.Release|Any CPU.Deploy.0 = Release|Any CPU
		{EC273308-0EA9-4F90-9546-C268EDD59298}.Release|ARM.ActiveCfg = Release|Any CPU
		{EC273308-0EA9-4F90-9546-C268EDD59298}.Release|ARM.Build.0 = Release|Any CPU
		{EC273308-0EA9-4F90-9546-C268EDD59298}.Release|ARM.Deploy.0 = Release|Any CPU
		{EC273308-0EA9-4F90-9546-C268EDD59298}.Release|iPhone.ActiveCfg = Release|Any CPU
		{EC273308-0EA9-4F90-9546-C268EDD59298}.Release|iPhone.Build.0 = Release|Any CPU
		{EC273308-0EA9-4F90-9546-C268EDD59298}.Release|iPhone.Deploy.0 = Release|Any CPU
		{EC273308-0EA9-4F90-9546-C268EDD59298}.Release|iPhoneSimulator.ActiveCfg = Release|Any CPU
		{EC273308-0EA9-4F90-9546-C268EDD59298}.Release|iPhoneSimulator.Build.0 = Release|Any CPU
		{EC273308-0EA9-4F90-9546-C268EDD59298}.Release|iPhoneSimulator.Deploy.0 = Release|Any CPU
		{EC273308-0EA9-4F90-9546-C268EDD59298}.Release|x64.ActiveCfg = Release|Any CPU
		{EC273308-0EA9-4F90-9546-C268EDD59298}.Release|x64.Build.0 = Release|Any CPU
		{EC273308-0EA9-4F90-9546-C268EDD59298}.Release|x64.Deploy.0 = Release|Any CPU
		{EC273308-0EA9-4F90-9546-C268EDD59298}.Release|x86.ActiveCfg = Release|Any CPU
		{EC273308-0EA9-4F90-9546-C268EDD59298}.Release|x86.Build.0 = Release|Any CPU
		{EC273308-0EA9-4F90-9546-C268EDD59298}.Release|x86.Deploy.0 = Release|Any CPU
		{36CE3519-7A3F-4CB6-B427-41539BF007F4}.Debug|Any CPU.ActiveCfg = Debug|iPhone
		{36CE3519-7A3F-4CB6-B427-41539BF007F4}.Debug|Any CPU.Build.0 = Debug|iPhone
		{36CE3519-7A3F-4CB6-B427-41539BF007F4}.Debug|Any CPU.Deploy.0 = Debug|iPhone
		{36CE3519-7A3F-4CB6-B427-41539BF007F4}.Debug|ARM.ActiveCfg = Debug|iPhone
		{36CE3519-7A3F-4CB6-B427-41539BF007F4}.Debug|ARM.Build.0 = Debug|iPhone
		{36CE3519-7A3F-4CB6-B427-41539BF007F4}.Debug|ARM.Deploy.0 = Debug|iPhone
		{36CE3519-7A3F-4CB6-B427-41539BF007F4}.Debug|iPhone.ActiveCfg = Debug|iPhone
		{36CE3519-7A3F-4CB6-B427-41539BF007F4}.Debug|iPhone.Build.0 = Debug|iPhone
		{36CE3519-7A3F-4CB6-B427-41539BF007F4}.Debug|iPhone.Deploy.0 = Debug|iPhone
		{36CE3519-7A3F-4CB6-B427-41539BF007F4}.Debug|iPhoneSimulator.ActiveCfg = Debug|iPhoneSimulator
		{36CE3519-7A3F-4CB6-B427-41539BF007F4}.Debug|iPhoneSimulator.Build.0 = Debug|iPhoneSimulator
		{36CE3519-7A3F-4CB6-B427-41539BF007F4}.Debug|iPhoneSimulator.Deploy.0 = Debug|iPhoneSimulator
		{36CE3519-7A3F-4CB6-B427-41539BF007F4}.Debug|x64.ActiveCfg = Debug|iPhone
		{36CE3519-7A3F-4CB6-B427-41539BF007F4}.Debug|x64.Build.0 = Debug|iPhone
		{36CE3519-7A3F-4CB6-B427-41539BF007F4}.Debug|x64.Deploy.0 = Debug|iPhone
		{36CE3519-7A3F-4CB6-B427-41539BF007F4}.Debug|x86.ActiveCfg = Debug|iPhone
		{36CE3519-7A3F-4CB6-B427-41539BF007F4}.Debug|x86.Build.0 = Debug|iPhone
		{36CE3519-7A3F-4CB6-B427-41539BF007F4}.Debug|x86.Deploy.0 = Debug|iPhone
		{36CE3519-7A3F-4CB6-B427-41539BF007F4}.Release|Any CPU.ActiveCfg = Release|iPhone
		{36CE3519-7A3F-4CB6-B427-41539BF007F4}.Release|Any CPU.Build.0 = Release|iPhone
		{36CE3519-7A3F-4CB6-B427-41539BF007F4}.Release|Any CPU.Deploy.0 = Release|iPhone
		{36CE3519-7A3F-4CB6-B427-41539BF007F4}.Release|ARM.ActiveCfg = Release|iPhone
		{36CE3519-7A3F-4CB6-B427-41539BF007F4}.Release|ARM.Build.0 = Release|iPhone
		{36CE3519-7A3F-4CB6-B427-41539BF007F4}.Release|ARM.Deploy.0 = Release|iPhone
		{36CE3519-7A3F-4CB6-B427-41539BF007F4}.Release|iPhone.ActiveCfg = Release|iPhone
		{36CE3519-7A3F-4CB6-B427-41539BF007F4}.Release|iPhone.Build.0 = Release|iPhone
		{36CE3519-7A3F-4CB6-B427-41539BF007F4}.Release|iPhone.Deploy.0 = Release|iPhone
		{36CE3519-7A3F-4CB6-B427-41539BF007F4}.Release|iPhoneSimulator.ActiveCfg = Release|iPhoneSimulator
		{36CE3519-7A3F-4CB6-B427-41539BF007F4}.Release|iPhoneSimulator.Build.0 = Release|iPhoneSimulator
		{36CE3519-7A3F-4CB6-B427-41539BF007F4}.Release|iPhoneSimulator.Deploy.0 = Release|iPhoneSimulator
		{36CE3519-7A3F-4CB6-B427-41539BF007F4}.Release|x64.ActiveCfg = Release|iPhone
		{36CE3519-7A3F-4CB6-B427-41539BF007F4}.Release|x64.Build.0 = Release|iPhone
		{36CE3519-7A3F-4CB6-B427-41539BF007F4}.Release|x64.Deploy.0 = Release|iPhone
		{36CE3519-7A3F-4CB6-B427-41539BF007F4}.Release|x86.ActiveCfg = Release|iPhone
		{36CE3519-7A3F-4CB6-B427-41539BF007F4}.Release|x86.Build.0 = Release|iPhone
		{36CE3519-7A3F-4CB6-B427-41539BF007F4}.Release|x86.Deploy.0 = Release|iPhone
		{BC83D930-28DC-433B-917A-EE8FEA5674D0}.Debug|Any CPU.ActiveCfg = Debug|Any CPU
		{BC83D930-28DC-433B-917A-EE8FEA5674D0}.Debug|Any CPU.Build.0 = Debug|Any CPU
		{BC83D930-28DC-433B-917A-EE8FEA5674D0}.Debug|Any CPU.Deploy.0 = Debug|Any CPU
		{BC83D930-28DC-433B-917A-EE8FEA5674D0}.Debug|ARM.ActiveCfg = Debug|Any CPU
		{BC83D930-28DC-433B-917A-EE8FEA5674D0}.Debug|ARM.Build.0 = Debug|Any CPU
		{BC83D930-28DC-433B-917A-EE8FEA5674D0}.Debug|ARM.Deploy.0 = Debug|Any CPU
		{BC83D930-28DC-433B-917A-EE8FEA5674D0}.Debug|iPhone.ActiveCfg = Debug|Any CPU
		{BC83D930-28DC-433B-917A-EE8FEA5674D0}.Debug|iPhone.Build.0 = Debug|Any CPU
		{BC83D930-28DC-433B-917A-EE8FEA5674D0}.Debug|iPhone.Deploy.0 = Debug|Any CPU
		{BC83D930-28DC-433B-917A-EE8FEA5674D0}.Debug|iPhoneSimulator.ActiveCfg = Debug|Any CPU
		{BC83D930-28DC-433B-917A-EE8FEA5674D0}.Debug|iPhoneSimulator.Build.0 = Debug|Any CPU
		{BC83D930-28DC-433B-917A-EE8FEA5674D0}.Debug|iPhoneSimulator.Deploy.0 = Debug|Any CPU
		{BC83D930-28DC-433B-917A-EE8FEA5674D0}.Debug|x64.ActiveCfg = Debug|Any CPU
		{BC83D930-28DC-433B-917A-EE8FEA5674D0}.Debug|x64.Build.0 = Debug|Any CPU
		{BC83D930-28DC-433B-917A-EE8FEA5674D0}.Debug|x64.Deploy.0 = Debug|Any CPU
		{BC83D930-28DC-433B-917A-EE8FEA5674D0}.Debug|x86.ActiveCfg = Debug|Any CPU
		{BC83D930-28DC-433B-917A-EE8FEA5674D0}.Debug|x86.Build.0 = Debug|Any CPU
		{BC83D930-28DC-433B-917A-EE8FEA5674D0}.Debug|x86.Deploy.0 = Debug|Any CPU
		{BC83D930-28DC-433B-917A-EE8FEA5674D0}.Release|Any CPU.ActiveCfg = Release|Any CPU
		{BC83D930-28DC-433B-917A-EE8FEA5674D0}.Release|Any CPU.Build.0 = Release|Any CPU
		{BC83D930-28DC-433B-917A-EE8FEA5674D0}.Release|Any CPU.Deploy.0 = Release|Any CPU
		{BC83D930-28DC-433B-917A-EE8FEA5674D0}.Release|ARM.ActiveCfg = Release|Any CPU
		{BC83D930-28DC-433B-917A-EE8FEA5674D0}.Release|ARM.Build.0 = Release|Any CPU
		{BC83D930-28DC-433B-917A-EE8FEA5674D0}.Release|ARM.Deploy.0 = Release|Any CPU
		{BC83D930-28DC-433B-917A-EE8FEA5674D0}.Release|iPhone.ActiveCfg = Release|Any CPU
		{BC83D930-28DC-433B-917A-EE8FEA5674D0}.Release|iPhone.Build.0 = Release|Any CPU
		{BC83D930-28DC-433B-917A-EE8FEA5674D0}.Release|iPhone.Deploy.0 = Release|Any CPU
		{BC83D930-28DC-433B-917A-EE8FEA5674D0}.Release|iPhoneSimulator.ActiveCfg = Release|Any CPU
		{BC83D930-28DC-433B-917A-EE8FEA5674D0}.Release|iPhoneSimulator.Build.0 = Release|Any CPU
		{BC83D930-28DC-433B-917A-EE8FEA5674D0}.Release|iPhoneSimulator.Deploy.0 = Release|Any CPU
		{BC83D930-28DC-433B-917A-EE8FEA5674D0}.Release|x64.ActiveCfg = Release|Any CPU
		{BC83D930-28DC-433B-917A-EE8FEA5674D0}.Release|x64.Build.0 = Release|Any CPU
		{BC83D930-28DC-433B-917A-EE8FEA5674D0}.Release|x64.Deploy.0 = Release|Any CPU
		{BC83D930-28DC-433B-917A-EE8FEA5674D0}.Release|x86.ActiveCfg = Release|Any CPU
		{BC83D930-28DC-433B-917A-EE8FEA5674D0}.Release|x86.Build.0 = Release|Any CPU
		{BC83D930-28DC-433B-917A-EE8FEA5674D0}.Release|x86.Deploy.0 = Release|Any CPU
	EndGlobalSection
	GlobalSection(SolutionProperties) = preSolution
		HideSolutionNode = FALSE
	EndGlobalSection
	GlobalSection(ExtensibilityGlobals) = postSolution
		SolutionGuid = {32E94923-B0C5-485E-854C-D0FB37CA388F}
	EndGlobalSection
EndGlobal
